{
    "name": "login",
    "version": "1.0.0",
    "lockfileVersion": 1,
    "requires": true,
    "dependencies": {
        "axios": {
            "version": "0.21.1",
            "resolved": "https://registry.nlark.com/axios/download/axios-0.21.1.tgz",
            "requires": {
                "follow-redirects": "^1.10.0"
            },
            "dependencies": {
                "follow-redirects": {
                    "version": "1.14.1",
                    "resolved": "https://registry.nlark.com/follow-redirects/download/follow-redirects-1.14.1.tgz?cache=0&sync_timestamp=1620555234886&other_urls=https%3A%2F%2Fregistry.nlark.com%2Ffollow-redirects%2Fdownload%2Ffollow-redirects-1.14.1.tgz"
                }
            }
        },
        "dotenv": {
            "version": "10.0.0",
            "resolved": "https://registry.nlark.com/dotenv/download/dotenv-10.0.0.tgz"
        }
    }
}